Microsoft Visual Studio Solution File, Format Version 12.00
# Visual Studio 14
VisualStudioVersion = 14.0.22823.1
MinimumVisualStudioVersion = 10.0.40219.1
Project("{FAE04EC0-301F-11D3-BF4B-00C04F79EFBC}") = "VhdAttach", "VhdAttach\VhdAttach.csproj", "{523842B0-C6A8-4126-B9DE-0D9D814F838E}"
EndProject
Project("{FAE04EC0-301F-11D3-BF4B-00C04F79EFBC}") = "VhdAttach-Service", "VhdAttach-Service\VhdAttach-Service.csproj", "{6FACC55B-3441-4A4E-885B-269D82820F9E}"
EndProject
Project("{FAE04EC0-301F-11D3-BF4B-00C04F79EFBC}") = "VhdAttach-Test", "VhdAttach-Test\VhdAttach-Test.csproj", "{0F83D9F3-817E-4207-AF11-9F120A7AFC30}"
EndProject
Global
	GlobalSection(SolutionConfigurationPlatforms) = preSolution
		Debug|Any CPU = Debug|Any CPU
		Debug|x86 = Debug|x86
		Release|Any CPU = Release|Any CPU
		Release|x86 = Release|x86
	EndGlobalSection
	GlobalSection(ProjectConfigurationPlatforms) = postSolution
		{523842B0-C6A8-4126-B9DE-0D9D814F838E}.Debug|Any CPU.ActiveCfg = Debug|Any CPU
		{523842B0-C6A8-4126-B9DE-0D9D814F838E}.Debug|Any CPU.Build.0 = Debug|Any CPU
		{523842B0-C6A8-4126-B9DE-0D9D814F838E}.Debug|x86.ActiveCfg = Debug|Any CPU
		{523842B0-C6A8-4126-B9DE-0D9D814F838E}.Release|Any CPU.ActiveCfg = Release|Any CPU
		{523842B0-C6A8-4126-B9DE-0D9D814F838E}.Release|Any CPU.Build.0 = Release|Any CPU
		{523842B0-C6A8-4126-B9DE-0D9D814F838E}.Release|x86.ActiveCfg = Release|Any CPU
		{6FACC55B-3441-4A4E-885B-269D82820F9E}.Debug|Any CPU.ActiveCfg = Debug|Any CPU
		{6FACC55B-3441-4A4E-885B-269D82820F9E}.Debug|Any CPU.Build.0 = Debug|Any CPU
		{6FACC55B-3441-4A4E-885B-269D82820F9E}.Debug|x86.ActiveCfg = Debug|Any CPU
		{6FACC55B-3441-4A4E-885B-269D82820F9E}.Release|Any CPU.ActiveCfg = Release|Any CPU
		{6FACC55B-3441-4A4E-885B-269D82820F9E}.Release|Any CPU.Build.0 = Release|Any CPU
		{6FACC55B-3441-4A4E-885B-269D82820F9E}.Release|x86.ActiveCfg = Release|Any CPU
		{0F83D9F3-817E-4207-AF11-9F120A7AFC30}.Debug|Any CPU.ActiveCfg = Debug|Any CPU
		{0F83D9F3-817E-4207-AF11-9F120A7AFC30}.Debug|Any CPU.Build.0 = Debug|Any CPU
		{0F83D9F3-817E-4207-AF11-9F120A7AFC30}.Debug|x86.ActiveCfg = Debug|Any CPU
		{0F83D9F3-817E-4207-AF11-9F120A7AFC30}.Release|Any CPU.ActiveCfg = Release|Any CPU
		{0F83D9F3-817E-4207-AF11-9F120A7AFC30}.Release|Any CPU.Build.0 = Release|Any CPU
		{0F83D9F3-817E-4207-AF11-9F120A7AFC30}.Release|x86.ActiveCfg = Release|Any CPU
	EndGlobalSection
	GlobalSection(SolutionProperties) = preSolution
		HideSolutionNode = FALSE
	EndGlobalSection
EndGlobal
